
Microsoft Visual Studio Solution File, Format Version 12.00
# Visual Studio Version 17
VisualStudioVersion = 17.0.31903.59
MinimumVisualStudioVersion = 10.0.40219.1
Project("{FAE04EC0-301F-11D3-BF4B-00C04F79EFBC}") = "EmailServicePackage", "EmailServicePackage.csproj", "{4D6CA025-C9CD-4572-977C-84B9A984437C}"
EndProject
Project("{FAE04EC0-301F-11D3-BF4B-00C04F79EFBC}") = "TestEmail", "..\TestEmail\TestEmail.csproj", "{77EBCF78-B326-4927-8940-970F39FD8E7E}"
EndProject
Global
	GlobalSection(SolutionConfigurationPlatforms) = preSolution
		Debug|Any CPU = Debug|Any CPU
		Release|Any CPU = Release|Any CPU
	EndGlobalSection
	GlobalSection(SolutionProperties) = preSolution
		HideSolutionNode = FALSE
	EndGlobalSection
	GlobalSection(ProjectConfigurationPlatforms) = postSolution
		{4D6CA025-C9CD-4572-977C-84B9A984437C}.Debug|Any CPU.ActiveCfg = Debug|Any CPU
		{4D6CA025-C9CD-4572-977C-84B9A984437C}.Debug|Any CPU.Build.0 = Debug|Any CPU
		{4D6CA025-C9CD-4572-977C-84B9A984437C}.Release|Any CPU.ActiveCfg = Release|Any CPU
		{4D6CA025-C9CD-4572-977C-84B9A984437C}.Release|Any CPU.Build.0 = Release|Any CPU
		{77EBCF78-B326-4927-8940-970F39FD8E7E}.Debug|Any CPU.ActiveCfg = Debug|Any CPU
		{77EBCF78-B326-4927-8940-970F39FD8E7E}.Debug|Any CPU.Build.0 = Debug|Any CPU
		{77EBCF78-B326-4927-8940-970F39FD8E7E}.Release|Any CPU.ActiveCfg = Release|Any CPU
		{77EBCF78-B326-4927-8940-970F39FD8E7E}.Release|Any CPU.Build.0 = Release|Any CPU
	EndGlobalSection
EndGlobal
